// !$*UTF8*$!
{
	archiveVersion = 1;
	classes = {
	};
	objectVersion = 56;
	objects = {

/* Begin PBXBuildFile section */
		28F682912945EFA9008556B4 /* AppDelegate.swift in Sources */ = {isa = PBXBuildFile; fileRef = 28F682902945EFA9008556B4 /* AppDelegate.swift */; };
		28F6829A2945EFAB008556B4 /* Assets.xcassets in Resources */ = {isa = PBXBuildFile; fileRef = 28F682992945EFAB008556B4 /* Assets.xcassets */; };
		28F6829D2945EFAB008556B4 /* LaunchScreen.storyboard in Resources */ = {isa = PBXBuildFile; fileRef = 28F6829B2945EFAB008556B4 /* LaunchScreen.storyboard */; };
		28F682A82945EFAB008556B4 /* RPSSimTests.swift in Sources */ = {isa = PBXBuildFile; fileRef = 28F682A72945EFAB008556B4 /* RPSSimTests.swift */; };
		28F682B22945EFAB008556B4 /* RPSSimUITests.swift in Sources */ = {isa = PBXBuildFile; fileRef = 28F682B12945EFAB008556B4 /* RPSSimUITests.swift */; };
		28F682B42945EFAB008556B4 /* RPSSimUITestsLaunchTests.swift in Sources */ = {isa = PBXBuildFile; fileRef = 28F682B32945EFAB008556B4 /* RPSSimUITestsLaunchTests.swift */; };
		28F682C12945F029008556B4 /* SimulationViewController.swift in Sources */ = {isa = PBXBuildFile; fileRef = 28F682C02945F029008556B4 /* SimulationViewController.swift */; };
		28F682C82945F2A9008556B4 /* RPSSimUI in Frameworks */ = {isa = PBXBuildFile; productRef = 28F682C72945F2A9008556B4 /* RPSSimUI */; };
		28F682CB2945F329008556B4 /* RPSSimCore in Frameworks */ = {isa = PBXBuildFile; productRef = 28F682CA2945F329008556B4 /* RPSSimCore */; };
/* End PBXBuildFile section */

/* Begin PBXContainerItemProxy section */
		28F682A42945EFAB008556B4 /* PBXContainerItemProxy */ = {
			isa = PBXContainerItemProxy;
			containerPortal = 28F682852945EFA9008556B4 /* Project object */;
			proxyType = 1;
			remoteGlobalIDString = 28F6828C2945EFA9008556B4;
			remoteInfo = RPSSim;
		};
		28F682AE2945EFAB008556B4 /* PBXContainerItemProxy */ = {
			isa = PBXContainerItemProxy;
			containerPortal = 28F682852945EFA9008556B4 /* Project object */;
			proxyType = 1;
			remoteGlobalIDString = 28F6828C2945EFA9008556B4;
			remoteInfo = RPSSim;
		};
/* End PBXContainerItemProxy section */

/* Begin PBXFileReference section */
		28F6828D2945EFA9008556B4 /* RPSSim.app */ = {isa = PBXFileReference; explicitFileType = wrapper.application; includeInIndex = 0; path = RPSSim.app; sourceTree = BUILT_PRODUCTS_DIR; };
		28F682902945EFA9008556B4 /* AppDelegate.swift */ = {isa = PBXFileReference; lastKnownFileType = sourcecode.swift; path = AppDelegate.swift; sourceTree = "<group>"; };
		28F682992945EFAB008556B4 /* Assets.xcassets */ = {isa = PBXFileReference; lastKnownFileType = folder.assetcatalog; path = Assets.xcassets; sourceTree = "<group>"; };
		28F6829C2945EFAB008556B4 /* Base */ = {isa = PBXFileReference; lastKnownFileType = file.storyboard; name = Base; path = Base.lproj/LaunchScreen.storyboard; sourceTree = "<group>"; };
		28F6829E2945EFAB008556B4 /* Info.plist */ = {isa = PBXFileReference; lastKnownFileType = text.plist.xml; path = Info.plist; sourceTree = "<group>"; };
		28F682A32945EFAB008556B4 /* RPSSimTests.xctest */ = {isa = PBXFileReference; explicitFileType = wrapper.cfbundle; includeInIndex = 0; path = RPSSimTests.xctest; sourceTree = BUILT_PRODUCTS_DIR; };
		28F682A72945EFAB008556B4 /* RPSSimTests.swift */ = {isa = PBXFileReference; lastKnownFileType = sourcecode.swift; path = RPSSimTests.swift; sourceTree = "<group>"; };
		28F682AD2945EFAB008556B4 /* RPSSimUITests.xctest */ = {isa = PBXFileReference; explicitFileType = wrapper.cfbundle; includeInIndex = 0; path = RPSSimUITests.xctest; sourceTree = BUILT_PRODUCTS_DIR; };
		28F682B12945EFAB008556B4 /* RPSSimUITests.swift */ = {isa = PBXFileReference; lastKnownFileType = sourcecode.swift; path = RPSSimUITests.swift; sourceTree = "<group>"; };
		28F682B32945EFAB008556B4 /* RPSSimUITestsLaunchTests.swift */ = {isa = PBXFileReference; lastKnownFileType = sourcecode.swift; path = RPSSimUITestsLaunchTests.swift; sourceTree = "<group>"; };
		28F682C02945F029008556B4 /* SimulationViewController.swift */ = {isa = PBXFileReference; lastKnownFileType = sourcecode.swift; path = SimulationViewController.swift; sourceTree = "<group>"; };
		28F682C32945F143008556B4 /* RPSSimUI */ = {isa = PBXFileReference; lastKnownFileType = wrapper; path = RPSSimUI; sourceTree = "<group>"; };
		28F682C92945F31F008556B4 /* RPSSimCore */ = {isa = PBXFileReference; lastKnownFileType = wrapper; path = RPSSimCore; sourceTree = "<group>"; };
/* End PBXFileReference section */

/* Begin PBXFrameworksBuildPhase section */
		28F6828A2945EFA9008556B4 /* Frameworks */ = {
			isa = PBXFrameworksBuildPhase;
			buildActionMask = 2147483647;
			files = (
				28F682C82945F2A9008556B4 /* RPSSimUI in Frameworks */,
				28F682CB2945F329008556B4 /* RPSSimCore in Frameworks */,
			);
			runOnlyForDeploymentPostprocessing = 0;
		};
		28F682A02945EFAB008556B4 /* Frameworks */ = {
			isa = PBXFrameworksBuildPhase;
			buildActionMask = 2147483647;
			files = (
			);
			runOnlyForDeploymentPostprocessing = 0;
		};
		28F682AA2945EFAB008556B4 /* Frameworks */ = {
			isa = PBXFrameworksBuildPhase;
			buildActionMask = 2147483647;
			files = (
			);
			runOnlyForDeploymentPostprocessing = 0;
		};
/* End PBXFrameworksBuildPhase section */

/* Begin PBXGroup section */
		28F682842945EFA9008556B4 = {
			isa = PBXGroup;
			children = (
				28F6828E2945EFA9008556B4 /* Products */,
				28F6828F2945EFA9008556B4 /* RPSSim */,
				28F682A62945EFAB008556B4 /* RPSSimTests */,
				28F682B02945EFAB008556B4 /* RPSSimUITests */,
				28F682C62945F2A9008556B4 /* Frameworks */,
			);
			sourceTree = "<group>";
		};
		28F6828E2945EFA9008556B4 /* Products */ = {
			isa = PBXGroup;
			children = (
				28F6828D2945EFA9008556B4 /* RPSSim.app */,
				28F682A32945EFAB008556B4 /* RPSSimTests.xctest */,
				28F682AD2945EFAB008556B4 /* RPSSimUITests.xctest */,
			);
			name = Products;
			sourceTree = "<group>";
		};
		28F6828F2945EFA9008556B4 /* RPSSim */ = {
			isa = PBXGroup;
			children = (
				28F6829E2945EFAB008556B4 /* Info.plist */,
				28F682902945EFA9008556B4 /* AppDelegate.swift */,
				28F682C02945F029008556B4 /* SimulationViewController.swift */,
				28F682992945EFAB008556B4 /* Assets.xcassets */,
				28F6829B2945EFAB008556B4 /* LaunchScreen.storyboard */,
				28F682C22945F10B008556B4 /* Packages */,
			);
			path = RPSSim;
			sourceTree = "<group>";
		};
		28F682A62945EFAB008556B4 /* RPSSimTests */ = {
			isa = PBXGroup;
			children = (
				28F682A72945EFAB008556B4 /* RPSSimTests.swift */,
			);
			path = RPSSimTests;
			sourceTree = "<group>";
		};
		28F682B02945EFAB008556B4 /* RPSSimUITests */ = {
			isa = PBXGroup;
			children = (
				28F682B12945EFAB008556B4 /* RPSSimUITests.swift */,
				28F682B32945EFAB008556B4 /* RPSSimUITestsLaunchTests.swift */,
			);
			path = RPSSimUITests;
			sourceTree = "<group>";
		};
		28F682C22945F10B008556B4 /* Packages */ = {
			isa = PBXGroup;
			children = (
				28F682C92945F31F008556B4 /* RPSSimCore */,
				28F682C32945F143008556B4 /* RPSSimUI */,
			);
			path = Packages;
			sourceTree = "<group>";
		};
		28F682C62945F2A9008556B4 /* Frameworks */ = {
			isa = PBXGroup;
			children = (
			);
			name = Frameworks;
			sourceTree = "<group>";
		};
/* End PBXGroup section */

/* Begin PBXNativeTarget section */
		28F6828C2945EFA9008556B4 /* RPSSim */ = {
			isa = PBXNativeTarget;
			buildConfigurationList = 28F682B72945EFAB008556B4 /* Build configuration list for PBXNativeTarget "RPSSim" */;
			buildPhases = (
				28F682892945EFA9008556B4 /* Sources */,
				28F6828A2945EFA9008556B4 /* Frameworks */,
				28F6828B2945EFA9008556B4 /* Resources */,
			);
			buildRules = (
			);
			dependencies = (
			);
			name = RPSSim;
			packageProductDependencies = (
				28F682C72945F2A9008556B4 /* RPSSimUI */,
				28F682CA2945F329008556B4 /* RPSSimCore */,
			);
			productName = RPSSim;
			productReference = 28F6828D2945EFA9008556B4 /* RPSSim.app */;
			productType = "com.apple.product-type.application";
		};
		28F682A22945EFAB008556B4 /* RPSSimTests */ = {
			isa = PBXNativeTarget;
			buildConfigurationList = 28F682BA2945EFAB008556B4 /* Build configuration list for PBXNativeTarget "RPSSimTests" */;
			buildPhases = (
				28F6829F2945EFAB008556B4 /* Sources */,
				28F682A02945EFAB008556B4 /* Frameworks */,
				28F682A12945EFAB008556B4 /* Resources */,
			);
			buildRules = (
			);
			dependencies = (
				28F682A52945EFAB008556B4 /* PBXTargetDependency */,
			);
			name = RPSSimTests;
			productName = RPSSimTests;
			productReference = 28F682A32945EFAB008556B4 /* RPSSimTests.xctest */;
			productType = "com.apple.product-type.bundle.unit-test";
		};
		28F682AC2945EFAB008556B4 /* RPSSimUITests */ = {
			isa = PBXNativeTarget;
			buildConfigurationList = 28F682BD2945EFAB008556B4 /* Build configuration list for PBXNativeTarget "RPSSimUITests" */;
			buildPhases = (
				28F682A92945EFAB008556B4 /* Sources */,
				28F682AA2945EFAB008556B4 /* Frameworks */,
				28F682AB2945EFAB008556B4 /* Resources */,
			);
			buildRules = (
			);
			dependencies = (
				28F682AF2945EFAB008556B4 /* PBXTargetDependency */,
			);
			name = RPSSimUITests;
			productName = RPSSimUITests;
			productReference = 28F682AD2945EFAB008556B4 /* RPSSimUITests.xctest */;
			productType = "com.apple.product-type.bundle.ui-testing";
		};
/* End PBXNativeTarget section */

/* Begin PBXProject section */
		28F682852945EFA9008556B4 /* Project object */ = {
			isa = PBXProject;
			attributes = {
				BuildIndependentTargetsInParallel = 1;
				LastSwiftUpdateCheck = 1400;
				LastUpgradeCheck = 1400;
				TargetAttributes = {
					28F6828C2945EFA9008556B4 = {
						CreatedOnToolsVersion = 14.0.1;
					};
					28F682A22945EFAB008556B4 = {
						CreatedOnToolsVersion = 14.0.1;
						TestTargetID = 28F6828C2945EFA9008556B4;
					};
					28F682AC2945EFAB008556B4 = {
						CreatedOnToolsVersion = 14.0.1;
						TestTargetID = 28F6828C2945EFA9008556B4;
					};
				};
			};
			buildConfigurationList = 28F682882945EFA9008556B4 /* Build configuration list for PBXProject "RPSSim" */;
			compatibilityVersion = "Xcode 14.0";
			developmentRegion = en;
			hasScannedForEncodings = 0;
			knownRegions = (
				en,
				Base,
			);
			mainGroup = 28F682842945EFA9008556B4;
			productRefGroup = 28F6828E2945EFA9008556B4 /* Products */;
			projectDirPath = "";
			projectRoot = "";
			targets = (
				28F6828C2945EFA9008556B4 /* RPSSim */,
				28F682A22945EFAB008556B4 /* RPSSimTests */,
				28F682AC2945EFAB008556B4 /* RPSSimUITests */,
			);
		};
/* End PBXProject section */

/* Begin PBXResourcesBuildPhase section */
		28F6828B2945EFA9008556B4 /* Resources */ = {
			isa = PBXResourcesBuildPhase;
			buildActionMask = 2147483647;
			files = (
				28F6829D2945EFAB008556B4 /* LaunchScreen.storyboard in Resources */,
				28F6829A2945EFAB008556B4 /* Assets.xcassets in Resources */,
			);
			runOnlyForDeploymentPostprocessing = 0;
		};
		28F682A12945EFAB008556B4 /* Resources */ = {
			isa = PBXResourcesBuildPhase;
			buildActionMask = 2147483647;
			files = (
			);
			runOnlyForDeploymentPostprocessing = 0;
		};
		28F682AB2945EFAB008556B4 /* Resources */ = {
			isa = PBXResourcesBuildPhase;
			buildActionMask = 2147483647;
			files = (
			);
			runOnlyForDeploymentPostprocessing = 0;
		};
/* End PBXResourcesBuildPhase section */

/* Begin PBXSourcesBuildPhase section */
		28F682892945EFA9008556B4 /* Sources */ = {
			isa = PBXSourcesBuildPhase;
			buildActionMask = 2147483647;
			files = (
				28F682912945EFA9008556B4 /* AppDelegate.swift in Sources */,
				28F682C12945F029008556B4 /* SimulationViewController.swift in Sources */,
			);
			runOnlyForDeploymentPostprocessing = 0;
		};
		28F6829F2945EFAB008556B4 /* Sources */ = {
			isa = PBXSourcesBuildPhase;
			buildActionMask = 2147483647;
			files = (
				28F682A82945EFAB008556B4 /* RPSSimTests.swift in Sources */,
			);
			runOnlyForDeploymentPostprocessing = 0;
		};
		28F682A92945EFAB008556B4 /* Sources */ = {
			isa = PBXSourcesBuildPhase;
			buildActionMask = 2147483647;
			files = (
				28F682B42945EFAB008556B4 /* RPSSimUITestsLaunchTests.swift in Sources */,
				28F682B22945EFAB008556B4 /* RPSSimUITests.swift in Sources */,
			);
			runOnlyForDeploymentPostprocessing = 0;
		};
/* End PBXSourcesBuildPhase section */

/* Begin PBXTargetDependency section */
		28F682A52945EFAB008556B4 /* PBXTargetDependency */ = {
			isa = PBXTargetDependency;
			target = 28F6828C2945EFA9008556B4 /* RPSSim */;
			targetProxy = 28F682A42945EFAB008556B4 /* PBXContainerItemProxy */;
		};
		28F682AF2945EFAB008556B4 /* PBXTargetDependency */ = {
			isa = PBXTargetDependency;
			target = 28F6828C2945EFA9008556B4 /* RPSSim */;
			targetProxy = 28F682AE2945EFAB008556B4 /* PBXContainerItemProxy */;
		};
/* End PBXTargetDependency section */

/* Begin PBXVariantGroup section */
		28F6829B2945EFAB008556B4 /* LaunchScreen.storyboard */ = {
			isa = PBXVariantGroup;
			children = (
				28F6829C2945EFAB008556B4 /* Base */,
			);
			name = LaunchScreen.storyboard;
			sourceTree = "<group>";
		};
/* End PBXVariantGroup section */

/* Begin XCBuildConfiguration section */
		28F682B52945EFAB008556B4 /* Debug */ = {
			isa = XCBuildConfiguration;
			buildSettings = {
				ALWAYS_SEARCH_USER_PATHS = NO;
				CLANG_ANALYZER_NONNULL = YES;
				CLANG_ANALYZER_NUMBER_OBJECT_CONVERSION = YES_AGGRESSIVE;
				CLANG_CXX_LANGUAGE_STANDARD = "gnu++20";
				CLANG_ENABLE_MODULES = YES;
				CLANG_ENABLE_OBJC_ARC = YES;
				CLANG_ENABLE_OBJC_WEAK = YES;
				CLANG_WARN_BLOCK_CAPTURE_AUTORELEASING = YES;
				CLANG_WARN_BOOL_CONVERSION = YES;
				CLANG_WARN_COMMA = YES;
				CLANG_WARN_CONSTANT_CONVERSION = YES;
				CLANG_WARN_DEPRECATED_OBJC_IMPLEMENTATIONS = YES;
				CLANG_WARN_DIRECT_OBJC_ISA_USAGE = YES_ERROR;
				CLANG_WARN_DOCUMENTATION_COMMENTS = YES;
				CLANG_WARN_EMPTY_BODY = YES;
				CLANG_WARN_ENUM_CONVERSION = YES;
				CLANG_WARN_INFINITE_RECURSION = YES;
				CLANG_WARN_INT_CONVERSION = YES;
				CLANG_WARN_NON_LITERAL_NULL_CONVERSION = YES;
				CLANG_WARN_OBJC_IMPLICIT_RETAIN_SELF = YES;
				CLANG_WARN_OBJC_LITERAL_CONVERSION = YES;
				CLANG_WARN_OBJC_ROOT_CLASS = YES_ERROR;
				CLANG_WARN_QUOTED_INCLUDE_IN_FRAMEWORK_HEADER = YES;
				CLANG_WARN_RANGE_LOOP_ANALYSIS = YES;
				CLANG_WARN_STRICT_PROTOTYPES = YES;
				CLANG_WARN_SUSPICIOUS_MOVE = YES;
				CLANG_WARN_UNGUARDED_AVAILABILITY = YES_AGGRESSIVE;
				CLANG_WARN_UNREACHABLE_CODE = YES;
				CLANG_WARN__DUPLICATE_METHOD_MATCH = YES;
				COPY_PHASE_STRIP = NO;
				DEBUG_INFORMATION_FORMAT = dwarf;
				ENABLE_STRICT_OBJC_MSGSEND = YES;
				ENABLE_TESTABILITY = YES;
				GCC_C_LANGUAGE_STANDARD = gnu11;
				GCC_DYNAMIC_NO_PIC = NO;
				GCC_NO_COMMON_BLOCKS = YES;
				GCC_OPTIMIZATION_LEVEL = 0;
				GCC_PREPROCESSOR_DEFINITIONS = (
					"DEBUG=1",
					"$(inherited)",
				);
				GCC_WARN_64_TO_32_BIT_CONVERSION = YES;
				GCC_WARN_ABOUT_RETURN_TYPE = YES_ERROR;
				GCC_WARN_UNDECLARED_SELECTOR = YES;
				GCC_WARN_UNINITIALIZED_AUTOS = YES_AGGRESSIVE;
				GCC_WARN_UNUSED_FUNCTION = YES;
				GCC_WARN_UNUSED_VARIABLE = YES;
				IPHONEOS_DEPLOYMENT_TARGET = 16.0;
				MTL_ENABLE_DEBUG_INFO = INCLUDE_SOURCE;
				MTL_FAST_MATH = YES;
				ONLY_ACTIVE_ARCH = YES;
				SDKROOT = iphoneos;
				SWIFT_ACTIVE_COMPILATION_CONDITIONS = DEBUG;
				SWIFT_OPTIMIZATION_LEVEL = "-Onone";
			};
			name = Debug;
		};
		28F682B62945EFAB008556B4 /* Release */ = {
			isa = XCBuildConfiguration;
			buildSettings = {
				ALWAYS_SEARCH_USER_PATHS = NO;
				CLANG_ANALYZER_NONNULL = YES;
				CLANG_ANALYZER_NUMBER_OBJECT_CONVERSION = YES_AGGRESSIVE;
				CLANG_CXX_LANGUAGE_STANDARD = "gnu++20";
				CLANG_ENABLE_MODULES = YES;
				CLANG_ENABLE_OBJC_ARC = YES;
				CLANG_ENABLE_OBJC_WEAK = YES;
				CLANG_WARN_BLOCK_CAPTURE_AUTORELEASING = YES;
				CLANG_WARN_BOOL_CONVERSION = YES;
				CLANG_WARN_COMMA = YES;
				CLANG_WARN_CONSTANT_CONVERSION = YES;
				CLANG_WARN_DEPRECATED_OBJC_IMPLEMENTATIONS = YES;
				CLANG_WARN_DIRECT_OBJC_ISA_USAGE = YES_ERROR;
				CLANG_WARN_DOCUMENTATION_COMMENTS = YES;
				CLANG_WARN_EMPTY_BODY = YES;
				CLANG_WARN_ENUM_CONVERSION = YES;
				CLANG_WARN_INFINITE_RECURSION = YES;
				CLANG_WARN_INT_CONVERSION = YES;
				CLANG_WARN_NON_LITERAL_NULL_CONVERSION = YES;
				CLANG_WARN_OBJC_IMPLICIT_RETAIN_SELF = YES;
				CLANG_WARN_OBJC_LITERAL_CONVERSION = YES;
				CLANG_WARN_OBJC_ROOT_CLASS = YES_ERROR;
				CLANG_WARN_QUOTED_INCLUDE_IN_FRAMEWORK_HEADER = YES;
				CLANG_WARN_RANGE_LOOP_ANALYSIS = YES;
				CLANG_WARN_STRICT_PROTOTYPES = YES;
				CLANG_WARN_SUSPICIOUS_MOVE = YES;
				CLANG_WARN_UNGUARDED_AVAILABILITY = YES_AGGRESSIVE;
				CLANG_WARN_UNREACHABLE_CODE = YES;
				CLANG_WARN__DUPLICATE_METHOD_MATCH = YES;
				COPY_PHASE_STRIP = NO;
				DEBUG_INFORMATION_FORMAT = "dwarf-with-dsym";
				ENABLE_NS_ASSERTIONS = NO;
				ENABLE_STRICT_OBJC_MSGSEND = YES;
				GCC_C_LANGUAGE_STANDARD = gnu11;
				GCC_NO_COMMON_BLOCKS = YES;
				GCC_WARN_64_TO_32_BIT_CONVERSION = YES;
				GCC_WARN_ABOUT_RETURN_TYPE = YES_ERROR;
				GCC_WARN_UNDECLARED_SELECTOR = YES;
				GCC_WARN_UNINITIALIZED_AUTOS = YES_AGGRESSIVE;
				GCC_WARN_UNUSED_FUNCTION = YES;
				GCC_WARN_UNUSED_VARIABLE = YES;
				IPHONEOS_DEPLOYMENT_TARGET = 16.0;
				MTL_ENABLE_DEBUG_INFO = NO;
				MTL_FAST_MATH = YES;
				SDKROOT = iphoneos;
				SWIFT_COMPILATION_MODE = wholemodule;
				SWIFT_OPTIMIZATION_LEVEL = "-O";
				VALIDATE_PRODUCT = YES;
			};
			name = Release;
		};
		28F682B82945EFAB008556B4 /* Debug */ = {
			isa = XCBuildConfiguration;
			buildSettings = {
				ASSETCATALOG_COMPILER_APPICON_NAME = AppIcon;
				ASSETCATALOG_COMPILER_GLOBAL_ACCENT_COLOR_NAME = AccentColor;
				CODE_SIGN_STYLE = Automatic;
				CURRENT_PROJECT_VERSION = 1;
				DEVELOPMENT_TEAM = BCX3Z4NU85;
				GENERATE_INFOPLIST_FILE = YES;
				INFOPLIST_FILE = RPSSim/Info.plist;
				INFOPLIST_KEY_UIApplicationSupportsIndirectInputEvents = YES;
				INFOPLIST_KEY_UILaunchStoryboardName = LaunchScreen;
				INFOPLIST_KEY_UISupportedInterfaceOrientations_iPad = "UIInterfaceOrientationPortrait UIInterfaceOrientationPortraitUpsideDown UIInterfaceOrientationLandscapeLeft UIInterfaceOrientationLandscapeRight";
				INFOPLIST_KEY_UISupportedInterfaceOrientations_iPhone = "UIInterfaceOrientationPortrait UIInterfaceOrientationLandscapeLeft UIInterfaceOrientationLandscapeRight";
				LD_RUNPATH_SEARCH_PATHS = (
					"$(inherited)",
					"@executable_path/Frameworks",
				);
				MARKETING_VERSION = 1.0;
				PRODUCT_BUNDLE_IDENTIFIER = io.github.ahmedk92.RPSSim;
				PRODUCT_NAME = "$(TARGET_NAME)";
				SWIFT_EMIT_LOC_STRINGS = YES;
				SWIFT_VERSION = 5.0;
				TARGETED_DEVICE_FAMILY = "1,2";
			};
			name = Debug;
		};
		28F682B92945EFAB008556B4 /* Release */ = {
			isa = XCBuildConfiguration;
			buildSettings = {
				ASSETCATALOG_COMPILER_APPICON_NAME = AppIcon;
				ASSETCATALOG_COMPILER_GLOBAL_ACCENT_COLOR_NAME = AccentColor;
				CODE_SIGN_STYLE = Automatic;
				CURRENT_PROJECT_VERSION = 1;
				DEVELOPMENT_TEAM = BCX3Z4NU85;
				GENERATE_INFOPLIST_FILE = YES;
				INFOPLIST_FILE = RPSSim/Info.plist;
				INFOPLIST_KEY_UIApplicationSupportsIndirectInputEvents = YES;
				INFOPLIST_KEY_UILaunchStoryboardName = LaunchScreen;
				INFOPLIST_KEY_UISupportedInterfaceOrientations_iPad = "UIInterfaceOrientationPortrait UIInterfaceOrientationPortraitUpsideDown UIInterfaceOrientationLandscapeLeft UIInterfaceOrientationLandscapeRight";
				INFOPLIST_KEY_UISupportedInterfaceOrientations_iPhone = "UIInterfaceOrientationPortrait UIInterfaceOrientationLandscapeLeft UIInterfaceOrientationLandscapeRight";
				LD_RUNPATH_SEARCH_PATHS = (
					"$(inherited)",
					"@executable_path/Frameworks",
				);
				MARKETING_VERSION = 1.0;
				PRODUCT_BUNDLE_IDENTIFIER = io.github.ahmedk92.RPSSim;
				PRODUCT_NAME = "$(TARGET_NAME)";
				SWIFT_EMIT_LOC_STRINGS = YES;
				SWIFT_VERSION = 5.0;
				TARGETED_DEVICE_FAMILY = "1,2";
			};
			name = Release;
		};
		28F682BB2945EFAB008556B4 /* Debug */ = {
			isa = XCBuildConfiguration;
			buildSettings = {
				ALWAYS_EMBED_SWIFT_STANDARD_LIBRARIES = YES;
				BUNDLE_LOADER = "$(TEST_HOST)";
				CODE_SIGN_STYLE = Automatic;
				CURRENT_PROJECT_VERSION = 1;
				DEVELOPMENT_TEAM = BCX3Z4NU85;
				GENERATE_INFOPLIST_FILE = YES;
				IPHONEOS_DEPLOYMENT_TARGET = 16.0;
				MARKETING_VERSION = 1.0;
				PRODUCT_BUNDLE_IDENTIFIER = io.github.ahmedk92.RPSSimTests;
				PRODUCT_NAME = "$(TARGET_NAME)";
				SWIFT_EMIT_LOC_STRINGS = NO;
				SWIFT_VERSION = 5.0;
				TARGETED_DEVICE_FAMILY = "1,2";
				TEST_HOST = "$(BUILT_PRODUCTS_DIR)/RPSSim.app/$(BUNDLE_EXECUTABLE_FOLDER_PATH)/RPSSim";
			};
			name = Debug;
		};
		28F682BC2945EFAB008556B4 /* Release */ = {
			isa = XCBuildConfiguration;
			buildSettings = {
				ALWAYS_EMBED_SWIFT_STANDARD_LIBRARIES = YES;
				BUNDLE_LOADER = "$(TEST_HOST)";
				CODE_SIGN_STYLE = Automatic;
				CURRENT_PROJECT_VERSION = 1;
				DEVELOPMENT_TEAM = BCX3Z4NU85;
				GENERATE_INFOPLIST_FILE = YES;
				IPHONEOS_DEPLOYMENT_TARGET = 16.0;
				MARKETING_VERSION = 1.0;
				PRODUCT_BUNDLE_IDENTIFIER = io.github.ahmedk92.RPSSimTests;
				PRODUCT_NAME = "$(TARGET_NAME)";
				SWIFT_EMIT_LOC_STRINGS = NO;
				SWIFT_VERSION = 5.0;
				TARGETED_DEVICE_FAMILY = "1,2";
				TEST_HOST = "$(BUILT_PRODUCTS_DIR)/RPSSim.app/$(BUNDLE_EXECUTABLE_FOLDER_PATH)/RPSSim";
			};
			name = Release;
		};
		28F682BE2945EFAB008556B4 /* Debug */ = {
			isa = XCBuildConfiguration;
			buildSettings = {
				ALWAYS_EMBED_SWIFT_STANDARD_LIBRARIES = YES;
				CODE_SIGN_STYLE = Automatic;
				CURRENT_PROJECT_VERSION = 1;
				DEVELOPMENT_TEAM = BCX3Z4NU85;
				GENERATE_INFOPLIST_FILE = YES;
				MARKETING_VERSION = 1.0;
				PRODUCT_BUNDLE_IDENTIFIER = io.github.ahmedk92.RPSSimUITests;
				PRODUCT_NAME = "$(TARGET_NAME)";
				SWIFT_EMIT_LOC_STRINGS = NO;
				SWIFT_VERSION = 5.0;
				TARGETED_DEVICE_FAMILY = "1,2";
				TEST_TARGET_NAME = RPSSim;
			};
			name = Debug;
		};
		28F682BF2945EFAB008556B4 /* Release */ = {
			isa = XCBuildConfiguration;
			buildSettings = {
				ALWAYS_EMBED_SWIFT_STANDARD_LIBRARIES = YES;
				CODE_SIGN_STYLE = Automatic;
				CURRENT_PROJECT_VERSION = 1;
				DEVELOPMENT_TEAM = BCX3Z4NU85;
				GENERATE_INFOPLIST_FILE = YES;
				MARKETING_VERSION = 1.0;
				PRODUCT_BUNDLE_IDENTIFIER = io.github.ahmedk92.RPSSimUITests;
				PRODUCT_NAME = "$(TARGET_NAME)";
				SWIFT_EMIT_LOC_STRINGS = NO;
				SWIFT_VERSION = 5.0;
				TARGETED_DEVICE_FAMILY = "1,2";
				TEST_TARGET_NAME = RPSSim;
			};
			name = Release;
		};
/* End XCBuildConfiguration section */

/* Begin XCConfigurationList section */
		28F682882945EFA9008556B4 /* Build configuration list for PBXProject "RPSSim" */ = {
			isa = XCConfigurationList;
			buildConfigurations = (
				28F682B52945EFAB008556B4 /* Debug */,
				28F682B62945EFAB008556B4 /* Release */,
			);
			defaultConfigurationIsVisible = 0;
			defaultConfigurationName = Release;
		};
		28F682B72945EFAB008556B4 /* Build configuration list for PBXNativeTarget "RPSSim" */ = {
			isa = XCConfigurationList;
			buildConfigurations = (
				28F682B82945EFAB008556B4 /* Debug */,
				28F682B92945EFAB008556B4 /* Release */,
			);
			defaultConfigurationIsVisible = 0;
			defaultConfigurationName = Release;
		};
		28F682BA2945EFAB008556B4 /* Build configuration list for PBXNativeTarget "RPSSimTests" */ = {
			isa = XCConfigurationList;
			buildConfigurations = (
				28F682BB2945EFAB008556B4 /* Debug */,
				28F682BC2945EFAB008556B4 /* Release */,
			);
			defaultConfigurationIsVisible = 0;
			defaultConfigurationName = Release;
		};
		28F682BD2945EFAB008556B4 /* Build configuration list for PBXNativeTarget "RPSSimUITests" */ = {
			isa = XCConfigurationList;
			buildConfigurations = (
				28F682BE2945EFAB008556B4 /* Debug */,
				28F682BF2945EFAB008556B4 /* Release */,
			);
			defaultConfigurationIsVisible = 0;
			defaultConfigurationName = Release;
		};
/* End XCConfigurationList section */

/* Begin XCSwiftPackageProductDependency section */
		28F682C72945F2A9008556B4 /* RPSSimUI */ = {
			isa = XCSwiftPackageProductDependency;
			productName = RPSSimUI;
		};
		28F682CA2945F329008556B4 /* RPSSimCore */ = {
			isa = XCSwiftPackageProductDependency;
			productName = RPSSimCore;
		};
/* End XCSwiftPackageProductDependency section */
	};
	rootObject = 28F682852945EFA9008556B4 /* Project object */;
}
